# This file is autogenerated, do not edit; changes may be undone by the next 'dep ensure'.


[[projects]]
  branch = "master"
  name = "github.com/beldur/kraken-go-api-client"
  packages = ["."]
  revision = "8d016ed55540af48a37d20c9954c71a7d12ad97b"

[[projects]]
  name = "github.com/urfave/cli"
  packages = ["."]
  revision = "cfb38830724cc34fedffe9a2a29fb54fa9169cd1"
  version = "v1.20.0"

[solve-meta]
  analyzer-name = "dep"
  analyzer-version = 1
  inputs-digest = "9218eec046c13baa4d4235efe0140971e9fe1ee4629e45a8d489ec02713239ef"
  solver-name = "gps-cdcl"
  solver-version = 1
